PODS:
  - JGSourceBase/Base (1.4.1)
  - JGSourceBase/Category (1.4.1):
    - JGSourceBase/Base
    - JGSourceBase/JSON
  - JGSourceBase/JSON (1.4.1):
    - JGSourceBase/Base
  - JGSTuner (0.0.1):
    - JGSourceBase/Base (>= 1.4.0)

DEPENDENCIES:
  - JGSourceBase/Category (from `https://gitee.com/dengni8023/JGSourceBase`, commit `2651b42dd7c4656a7dfbedd0b5df8c7fc8d40a8f`)
  - JGSTuner (from `./`)

EXTERNAL SOURCES:
  JGSourceBase:
    :commit: 2651b42dd7c4656a7dfbedd0b5df8c7fc8d40a8f
    :git: https://gitee.com/dengni8023/JGSourceBase
  JGSTuner:
    :path: "./"

CHECKOUT OPTIONS:
  JGSourceBase:
    :commit: 2651b42dd7c4656a7dfbedd0b5df8c7fc8d40a8f
    :git: https://gitee.com/dengni8023/JGSourceBase

SPEC CHECKSUMS:
  JGSourceBase: 869867392916dad7d9fc3fb264ae23e0495f6e59
  JGSTuner: 5f79ff65283f5e6b924827731ebf30d055afc9bd

PODFILE CHECKSUM: 3c797868407573e198ef231cb4e02fb918853467

COCOAPODS: 1.11.1
