// !$*UTF8*$!
{
	archiveVersion = 1;
	classes = {
	};
	objectVersion = 56;
	objects = {

/* Begin PBXBuildFile section */
		D405D0422A4863260080769F /* JGSPitchDetector.h in Headers */ = {isa = PBXBuildFile; fileRef = D405D0402A4863260080769F /* JGSPitchDetector.h */; settings = {ATTRIBUTES = (Public, ); }; };
		D405D0432A4863260080769F /* JGSPitchDetector+Base.m in Sources */ = {isa = PBXBuildFile; fileRef = D405D0412A4863260080769F /* JGSPitchDetector+Base.m */; };
		D405D0512A48678F0080769F /* JGSPitchDetector+FFT.m in Sources */ = {isa = PBXBuildFile; fileRef = D405D04F2A48678F0080769F /* JGSPitchDetector+FFT.m */; };
		D405D0552A4867A70080769F /* JGSPitchDetector+PitchTracker.m in Sources */ = {isa = PBXBuildFile; fileRef = D405D0532A4867A70080769F /* JGSPitchDetector+PitchTracker.m */; };
		D405D0572A486A0C0080769F /* JGSPitchDetector.swift in Sources */ = {isa = PBXBuildFile; fileRef = D405D0562A486A0C0080769F /* JGSPitchDetector.swift */; };
		D405D0592A486F630080769F /* JGSTunerNote.swift in Sources */ = {isa = PBXBuildFile; fileRef = D405D0582A486F630080769F /* JGSTunerNote.swift */; };
		D405D05B2A48775E0080769F /* JGSTunerData.swift in Sources */ = {isa = PBXBuildFile; fileRef = D405D05A2A48775E0080769F /* JGSTunerData.swift */; };
		D405D05D2A48783B0080769F /* JGSTunerFrequency.swift in Sources */ = {isa = PBXBuildFile; fileRef = D405D05C2A48783B0080769F /* JGSTunerFrequency.swift */; };
		D423116B2A3B3D5E0004EE8E /* JGSAudioEngine.swift in Sources */ = {isa = PBXBuildFile; fileRef = D423116A2A3B3D5E0004EE8E /* JGSAudioEngine.swift */; };
		D423116D2A3B3DA00004EE8E /* JGSNodeMixer.swift in Sources */ = {isa = PBXBuildFile; fileRef = D423116C2A3B3DA00004EE8E /* JGSNodeMixer.swift */; };
		D42311712A3B42DF0004EE8E /* JGSAudioNode.swift in Sources */ = {isa = PBXBuildFile; fileRef = D42311702A3B42DF0004EE8E /* JGSAudioNode.swift */; };
		D42311732A3B538C0004EE8E /* JGSTuner.framework in Frameworks */ = {isa = PBXBuildFile; fileRef = D47E188D2A276CE90040B8BA /* JGSTuner.framework */; };
		D42311742A3B538C0004EE8E /* JGSTuner.framework in Embed Frameworks */ = {isa = PBXBuildFile; fileRef = D47E188D2A276CE90040B8BA /* JGSTuner.framework */; settings = {ATTRIBUTES = (CodeSignOnCopy, RemoveHeadersOnCopy, ); }; };
		D46ED98E2A481D8400D7D586 /* JGSTunerPicher.swift in Sources */ = {isa = PBXBuildFile; fileRef = D46ED98D2A481D8400D7D586 /* JGSTunerPicher.swift */; };
		D47E18922A276CE90040B8BA /* JGSTuner.docc in Sources */ = {isa = PBXBuildFile; fileRef = D47E18912A276CE90040B8BA /* JGSTuner.docc */; };
		D47E18932A276CE90040B8BA /* JGSTuner.h in Headers */ = {isa = PBXBuildFile; fileRef = D47E18902A276CE90040B8BA /* JGSTuner.h */; settings = {ATTRIBUTES = (Public, ); }; };
		D47E18A02A276D220040B8BA /* AppDelegate.swift in Sources */ = {isa = PBXBuildFile; fileRef = D47E189F2A276D220040B8BA /* AppDelegate.swift */; };
		D47E18A22A276D220040B8BA /* SceneDelegate.swift in Sources */ = {isa = PBXBuildFile; fileRef = D47E18A12A276D220040B8BA /* SceneDelegate.swift */; };
		D47E18A42A276D220040B8BA /* ViewController.swift in Sources */ = {isa = PBXBuildFile; fileRef = D47E18A32A276D220040B8BA /* ViewController.swift */; };
		D47E18A72A276D220040B8BA /* Main.storyboard in Resources */ = {isa = PBXBuildFile; fileRef = D47E18A52A276D220040B8BA /* Main.storyboard */; };
		D47E18A92A276D230040B8BA /* Assets.xcassets in Resources */ = {isa = PBXBuildFile; fileRef = D47E18A82A276D230040B8BA /* Assets.xcassets */; };
		D47E18AC2A276D230040B8BA /* LaunchScreen.storyboard in Resources */ = {isa = PBXBuildFile; fileRef = D47E18AA2A276D230040B8BA /* LaunchScreen.storyboard */; };
/* End PBXBuildFile section */

/* Begin PBXCopyFilesBuildPhase section */
		D42311752A3B538C0004EE8E /* Embed Frameworks */ = {
			isa = PBXCopyFilesBuildPhase;
			buildActionMask = 2147483647;
			dstPath = "";
			dstSubfolderSpec = 10;
			files = (
				D42311742A3B538C0004EE8E /* JGSTuner.framework in Embed Frameworks */,
			);
			name = "Embed Frameworks";
			runOnlyForDeploymentPostprocessing = 0;
		};
/* End PBXCopyFilesBuildPhase section */

/* Begin PBXFileReference section */
		D405D0402A4863260080769F /* JGSPitchDetector.h */ = {isa = PBXFileReference; lastKnownFileType = sourcecode.c.h; path = JGSPitchDetector.h; sourceTree = "<group>"; };
		D405D0412A4863260080769F /* JGSPitchDetector+Base.m */ = {isa = PBXFileReference; lastKnownFileType = sourcecode.c.objc; path = "JGSPitchDetector+Base.m"; sourceTree = "<group>"; };
		D405D04F2A48678F0080769F /* JGSPitchDetector+FFT.m */ = {isa = PBXFileReference; lastKnownFileType = sourcecode.c.objc; path = "JGSPitchDetector+FFT.m"; sourceTree = "<group>"; };
		D405D0532A4867A70080769F /* JGSPitchDetector+PitchTracker.m */ = {isa = PBXFileReference; lastKnownFileType = sourcecode.c.objc; path = "JGSPitchDetector+PitchTracker.m"; sourceTree = "<group>"; };
		D405D0562A486A0C0080769F /* JGSPitchDetector.swift */ = {isa = PBXFileReference; lastKnownFileType = sourcecode.swift; path = JGSPitchDetector.swift; sourceTree = "<group>"; };
		D405D0582A486F630080769F /* JGSTunerNote.swift */ = {isa = PBXFileReference; lastKnownFileType = sourcecode.swift; path = JGSTunerNote.swift; sourceTree = "<group>"; };
		D405D05A2A48775E0080769F /* JGSTunerData.swift */ = {isa = PBXFileReference; lastKnownFileType = sourcecode.swift; path = JGSTunerData.swift; sourceTree = "<group>"; };
		D405D05C2A48783B0080769F /* JGSTunerFrequency.swift */ = {isa = PBXFileReference; lastKnownFileType = sourcecode.swift; path = JGSTunerFrequency.swift; sourceTree = "<group>"; };
		D423116A2A3B3D5E0004EE8E /* JGSAudioEngine.swift */ = {isa = PBXFileReference; lastKnownFileType = sourcecode.swift; path = JGSAudioEngine.swift; sourceTree = "<group>"; };
		D423116C2A3B3DA00004EE8E /* JGSNodeMixer.swift */ = {isa = PBXFileReference; lastKnownFileType = sourcecode.swift; path = JGSNodeMixer.swift; sourceTree = "<group>"; };
		D42311702A3B42DF0004EE8E /* JGSAudioNode.swift */ = {isa = PBXFileReference; lastKnownFileType = sourcecode.swift; path = JGSAudioNode.swift; sourceTree = "<group>"; };
		D46ED98D2A481D8400D7D586 /* JGSTunerPicher.swift */ = {isa = PBXFileReference; lastKnownFileType = sourcecode.swift; path = JGSTunerPicher.swift; sourceTree = "<group>"; };
		D47E188D2A276CE90040B8BA /* JGSTuner.framework */ = {isa = PBXFileReference; explicitFileType = wrapper.framework; includeInIndex = 0; path = JGSTuner.framework; sourceTree = BUILT_PRODUCTS_DIR; };
		D47E18902A276CE90040B8BA /* JGSTuner.h */ = {isa = PBXFileReference; lastKnownFileType = sourcecode.c.h; path = JGSTuner.h; sourceTree = "<group>"; };
		D47E18912A276CE90040B8BA /* JGSTuner.docc */ = {isa = PBXFileReference; lastKnownFileType = folder.documentationcatalog; path = JGSTuner.docc; sourceTree = "<group>"; };
		D47E189D2A276D220040B8BA /* JGSTunerDemo.app */ = {isa = PBXFileReference; explicitFileType = wrapper.application; includeInIndex = 0; path = JGSTunerDemo.app; sourceTree = BUILT_PRODUCTS_DIR; };
		D47E189F2A276D220040B8BA /* AppDelegate.swift */ = {isa = PBXFileReference; lastKnownFileType = sourcecode.swift; path = AppDelegate.swift; sourceTree = "<group>"; };
		D47E18A12A276D220040B8BA /* SceneDelegate.swift */ = {isa = PBXFileReference; lastKnownFileType = sourcecode.swift; path = SceneDelegate.swift; sourceTree = "<group>"; };
		D47E18A32A276D220040B8BA /* ViewController.swift */ = {isa = PBXFileReference; lastKnownFileType = sourcecode.swift; path = ViewController.swift; sourceTree = "<group>"; };
		D47E18A62A276D220040B8BA /* Base */ = {isa = PBXFileReference; lastKnownFileType = file.storyboard; name = Base; path = Base.lproj/Main.storyboard; sourceTree = "<group>"; };
		D47E18A82A276D230040B8BA /* Assets.xcassets */ = {isa = PBXFileReference; lastKnownFileType = folder.assetcatalog; path = Assets.xcassets; sourceTree = "<group>"; };
		D47E18AB2A276D230040B8BA /* Base */ = {isa = PBXFileReference; lastKnownFileType = file.storyboard; name = Base; path = Base.lproj/LaunchScreen.storyboard; sourceTree = "<group>"; };
		D47E18AD2A276D230040B8BA /* Info.plist */ = {isa = PBXFileReference; lastKnownFileType = text.plist.xml; path = Info.plist; sourceTree = "<group>"; };
/* End PBXFileReference section */

/* Begin PBXFrameworksBuildPhase section */
		D47E188A2A276CE90040B8BA /* Frameworks */ = {
			isa = PBXFrameworksBuildPhase;
			buildActionMask = 2147483647;
			files = (
			);
			runOnlyForDeploymentPostprocessing = 0;
		};
		D47E189A2A276D220040B8BA /* Frameworks */ = {
			isa = PBXFrameworksBuildPhase;
			buildActionMask = 2147483647;
			files = (
				D42311732A3B538C0004EE8E /* JGSTuner.framework in Frameworks */,
			);
			runOnlyForDeploymentPostprocessing = 0;
		};
/* End PBXFrameworksBuildPhase section */

/* Begin PBXGroup section */
		D42311722A3B509E0004EE8E /* AudioEngine */ = {
			isa = PBXGroup;
			children = (
				D423116A2A3B3D5E0004EE8E /* JGSAudioEngine.swift */,
				D42311702A3B42DF0004EE8E /* JGSAudioNode.swift */,
				D423116C2A3B3DA00004EE8E /* JGSNodeMixer.swift */,
			);
			path = AudioEngine;
			sourceTree = "<group>";
		};
		D46ED93C2A4818A900D7D586 /* PitchDetector */ = {
			isa = PBXGroup;
			children = (
				D405D0402A4863260080769F /* JGSPitchDetector.h */,
				D405D0562A486A0C0080769F /* JGSPitchDetector.swift */,
				D405D0412A4863260080769F /* JGSPitchDetector+Base.m */,
				D405D04F2A48678F0080769F /* JGSPitchDetector+FFT.m */,
				D405D0532A4867A70080769F /* JGSPitchDetector+PitchTracker.m */,
				D405D05A2A48775E0080769F /* JGSTunerData.swift */,
				D405D05C2A48783B0080769F /* JGSTunerFrequency.swift */,
				D405D0582A486F630080769F /* JGSTunerNote.swift */,
			);
			path = PitchDetector;
			sourceTree = "<group>";
		};
		D47E18832A276CE90040B8BA = {
			isa = PBXGroup;
			children = (
				D47E188F2A276CE90040B8BA /* JGSTuner */,
				D47E189E2A276D220040B8BA /* JGSTunerDemo */,
				D47E188E2A276CE90040B8BA /* Products */,
				D4C939F42A34397800339B72 /* Frameworks */,
			);
			sourceTree = "<group>";
		};
		D47E188E2A276CE90040B8BA /* Products */ = {
			isa = PBXGroup;
			children = (
				D47E188D2A276CE90040B8BA /* JGSTuner.framework */,
				D47E189D2A276D220040B8BA /* JGSTunerDemo.app */,
			);
			name = Products;
			sourceTree = "<group>";
		};
		D47E188F2A276CE90040B8BA /* JGSTuner */ = {
			isa = PBXGroup;
			children = (
				D46ED93C2A4818A900D7D586 /* PitchDetector */,
				D42311722A3B509E0004EE8E /* AudioEngine */,
				D47E18912A276CE90040B8BA /* JGSTuner.docc */,
				D47E18902A276CE90040B8BA /* JGSTuner.h */,
				D46ED98D2A481D8400D7D586 /* JGSTunerPicher.swift */,
			);
			path = JGSTuner;
			sourceTree = "<group>";
		};
		D47E189E2A276D220040B8BA /* JGSTunerDemo */ = {
			isa = PBXGroup;
			children = (
				D47E189F2A276D220040B8BA /* AppDelegate.swift */,
				D47E18A12A276D220040B8BA /* SceneDelegate.swift */,
				D47E18A32A276D220040B8BA /* ViewController.swift */,
				D47E18A52A276D220040B8BA /* Main.storyboard */,
				D47E18A82A276D230040B8BA /* Assets.xcassets */,
				D47E18AA2A276D230040B8BA /* LaunchScreen.storyboard */,
				D47E18AD2A276D230040B8BA /* Info.plist */,
			);
			path = JGSTunerDemo;
			sourceTree = "<group>";
		};
		D4C939F42A34397800339B72 /* Frameworks */ = {
			isa = PBXGroup;
			children = (
			);
			name = Frameworks;
			sourceTree = "<group>";
		};
/* End PBXGroup section */

/* Begin PBXHeadersBuildPhase section */
		D47E18882A276CE90040B8BA /* Headers */ = {
			isa = PBXHeadersBuildPhase;
			buildActionMask = 2147483647;
			files = (
				D405D0422A4863260080769F /* JGSPitchDetector.h in Headers */,
				D47E18932A276CE90040B8BA /* JGSTuner.h in Headers */,
			);
			runOnlyForDeploymentPostprocessing = 0;
		};
/* End PBXHeadersBuildPhase section */

/* Begin PBXNativeTarget section */
		D47E188C2A276CE90040B8BA /* JGSTuner */ = {
			isa = PBXNativeTarget;
			buildConfigurationList = D47E18962A276CE90040B8BA /* Build configuration list for PBXNativeTarget "JGSTuner" */;
			buildPhases = (
				D47E18882A276CE90040B8BA /* Headers */,
				D47E18892A276CE90040B8BA /* Sources */,
				D47E188A2A276CE90040B8BA /* Frameworks */,
				D47E188B2A276CE90040B8BA /* Resources */,
			);
			buildRules = (
			);
			dependencies = (
			);
			name = JGSTuner;
			productName = JGSTuner;
			productReference = D47E188D2A276CE90040B8BA /* JGSTuner.framework */;
			productType = "com.apple.product-type.framework";
		};
		D47E189C2A276D220040B8BA /* JGSTunerDemo */ = {
			isa = PBXNativeTarget;
			buildConfigurationList = D47E18AE2A276D230040B8BA /* Build configuration list for PBXNativeTarget "JGSTunerDemo" */;
			buildPhases = (
				D47E18992A276D220040B8BA /* Sources */,
				D47E189A2A276D220040B8BA /* Frameworks */,
				D47E189B2A276D220040B8BA /* Resources */,
				D42311752A3B538C0004EE8E /* Embed Frameworks */,
			);
			buildRules = (
			);
			dependencies = (
			);
			name = JGSTunerDemo;
			productName = JGSTunerDemo;
			productReference = D47E189D2A276D220040B8BA /* JGSTunerDemo.app */;
			productType = "com.apple.product-type.application";
		};
/* End PBXNativeTarget section */

/* Begin PBXProject section */
		D47E18842A276CE90040B8BA /* Project object */ = {
			isa = PBXProject;
			attributes = {
				BuildIndependentTargetsInParallel = 1;
				LastSwiftUpdateCheck = 1430;
				LastUpgradeCheck = 1430;
				TargetAttributes = {
					D47E188C2A276CE90040B8BA = {
						CreatedOnToolsVersion = 14.3;
						LastSwiftMigration = 1430;
					};
					D47E189C2A276D220040B8BA = {
						CreatedOnToolsVersion = 14.3;
					};
				};
			};
			buildConfigurationList = D47E18872A276CE90040B8BA /* Build configuration list for PBXProject "JGSTuner" */;
			compatibilityVersion = "Xcode 14.0";
			developmentRegion = en;
			hasScannedForEncodings = 0;
			knownRegions = (
				en,
				Base,
			);
			mainGroup = D47E18832A276CE90040B8BA;
			productRefGroup = D47E188E2A276CE90040B8BA /* Products */;
			projectDirPath = "";
			projectRoot = "";
			targets = (
				D47E188C2A276CE90040B8BA /* JGSTuner */,
				D47E189C2A276D220040B8BA /* JGSTunerDemo */,
			);
		};
/* End PBXProject section */

/* Begin PBXResourcesBuildPhase section */
		D47E188B2A276CE90040B8BA /* Resources */ = {
			isa = PBXResourcesBuildPhase;
			buildActionMask = 2147483647;
			files = (
			);
			runOnlyForDeploymentPostprocessing = 0;
		};
		D47E189B2A276D220040B8BA /* Resources */ = {
			isa = PBXResourcesBuildPhase;
			buildActionMask = 2147483647;
			files = (
				D47E18AC2A276D230040B8BA /* LaunchScreen.storyboard in Resources */,
				D47E18A92A276D230040B8BA /* Assets.xcassets in Resources */,
				D47E18A72A276D220040B8BA /* Main.storyboard in Resources */,
			);
			runOnlyForDeploymentPostprocessing = 0;
		};
/* End PBXResourcesBuildPhase section */

/* Begin PBXSourcesBuildPhase section */
		D47E18892A276CE90040B8BA /* Sources */ = {
			isa = PBXSourcesBuildPhase;
			buildActionMask = 2147483647;
			files = (
				D405D05B2A48775E0080769F /* JGSTunerData.swift in Sources */,
				D405D0592A486F630080769F /* JGSTunerNote.swift in Sources */,
				D47E18922A276CE90040B8BA /* JGSTuner.docc in Sources */,
				D46ED98E2A481D8400D7D586 /* JGSTunerPicher.swift in Sources */,
				D405D0572A486A0C0080769F /* JGSPitchDetector.swift in Sources */,
				D423116D2A3B3DA00004EE8E /* JGSNodeMixer.swift in Sources */,
				D405D05D2A48783B0080769F /* JGSTunerFrequency.swift in Sources */,
				D405D0552A4867A70080769F /* JGSPitchDetector+PitchTracker.m in Sources */,
				D42311712A3B42DF0004EE8E /* JGSAudioNode.swift in Sources */,
				D405D0512A48678F0080769F /* JGSPitchDetector+FFT.m in Sources */,
				D423116B2A3B3D5E0004EE8E /* JGSAudioEngine.swift in Sources */,
				D405D0432A4863260080769F /* JGSPitchDetector+Base.m in Sources */,
			);
			runOnlyForDeploymentPostprocessing = 0;
		};
		D47E18992A276D220040B8BA /* Sources */ = {
			isa = PBXSourcesBuildPhase;
			buildActionMask = 2147483647;
			files = (
				D47E18A42A276D220040B8BA /* ViewController.swift in Sources */,
				D47E18A02A276D220040B8BA /* AppDelegate.swift in Sources */,
				D47E18A22A276D220040B8BA /* SceneDelegate.swift in Sources */,
			);
			runOnlyForDeploymentPostprocessing = 0;
		};
/* End PBXSourcesBuildPhase section */

/* Begin PBXVariantGroup section */
		D47E18A52A276D220040B8BA /* Main.storyboard */ = {
			isa = PBXVariantGroup;
			children = (
				D47E18A62A276D220040B8BA /* Base */,
			);
			name = Main.storyboard;
			sourceTree = "<group>";
		};
		D47E18AA2A276D230040B8BA /* LaunchScreen.storyboard */ = {
			isa = PBXVariantGroup;
			children = (
				D47E18AB2A276D230040B8BA /* Base */,
			);
			name = LaunchScreen.storyboard;
			sourceTree = "<group>";
		};
/* End PBXVariantGroup section */

/* Begin XCBuildConfiguration section */
		D47E18942A276CE90040B8BA /* Debug */ = {
			isa = XCBuildConfiguration;
			buildSettings = {
				ALWAYS_SEARCH_USER_PATHS = NO;
				CLANG_ANALYZER_NONNULL = YES;
				CLANG_ANALYZER_NUMBER_OBJECT_CONVERSION = YES_AGGRESSIVE;
				CLANG_CXX_LANGUAGE_STANDARD = "gnu++20";
				CLANG_ENABLE_MODULES = YES;
				CLANG_ENABLE_OBJC_ARC = YES;
				CLANG_ENABLE_OBJC_WEAK = YES;
				CLANG_WARN_BLOCK_CAPTURE_AUTORELEASING = YES;
				CLANG_WARN_BOOL_CONVERSION = YES;
				CLANG_WARN_COMMA = YES;
				CLANG_WARN_CONSTANT_CONVERSION = YES;
				CLANG_WARN_DEPRECATED_OBJC_IMPLEMENTATIONS = YES;
				CLANG_WARN_DIRECT_OBJC_ISA_USAGE = YES_ERROR;
				CLANG_WARN_DOCUMENTATION_COMMENTS = YES;
				CLANG_WARN_EMPTY_BODY = YES;
				CLANG_WARN_ENUM_CONVERSION = YES;
				CLANG_WARN_INFINITE_RECURSION = YES;
				CLANG_WARN_INT_CONVERSION = YES;
				CLANG_WARN_NON_LITERAL_NULL_CONVERSION = YES;
				CLANG_WARN_OBJC_IMPLICIT_RETAIN_SELF = YES;
				CLANG_WARN_OBJC_LITERAL_CONVERSION = YES;
				CLANG_WARN_OBJC_ROOT_CLASS = YES_ERROR;
				CLANG_WARN_QUOTED_INCLUDE_IN_FRAMEWORK_HEADER = YES;
				CLANG_WARN_RANGE_LOOP_ANALYSIS = YES;
				CLANG_WARN_STRICT_PROTOTYPES = YES;
				CLANG_WARN_SUSPICIOUS_MOVE = YES;
				CLANG_WARN_UNGUARDED_AVAILABILITY = YES_AGGRESSIVE;
				CLANG_WARN_UNREACHABLE_CODE = YES;
				CLANG_WARN__DUPLICATE_METHOD_MATCH = YES;
				COPY_PHASE_STRIP = NO;
				CURRENT_PROJECT_VERSION = 1;
				DEBUG_INFORMATION_FORMAT = dwarf;
				ENABLE_STRICT_OBJC_MSGSEND = YES;
				ENABLE_TESTABILITY = YES;
				GCC_C_LANGUAGE_STANDARD = gnu11;
				GCC_DYNAMIC_NO_PIC = NO;
				GCC_NO_COMMON_BLOCKS = YES;
				GCC_OPTIMIZATION_LEVEL = 0;
				GCC_PREPROCESSOR_DEFINITIONS = (
					"DEBUG=1",
					"$(inherited)",
				);
				GCC_WARN_64_TO_32_BIT_CONVERSION = YES;
				GCC_WARN_ABOUT_RETURN_TYPE = YES_ERROR;
				GCC_WARN_UNDECLARED_SELECTOR = YES;
				GCC_WARN_UNINITIALIZED_AUTOS = YES_AGGRESSIVE;
				GCC_WARN_UNUSED_FUNCTION = YES;
				GCC_WARN_UNUSED_VARIABLE = YES;
				IPHONEOS_DEPLOYMENT_TARGET = 13.0;
				MTL_ENABLE_DEBUG_INFO = INCLUDE_SOURCE;
				MTL_FAST_MATH = YES;
				ONLY_ACTIVE_ARCH = YES;
				SDKROOT = iphoneos;
				SWIFT_ACTIVE_COMPILATION_CONDITIONS = DEBUG;
				SWIFT_OPTIMIZATION_LEVEL = "-Onone";
				VERSIONING_SYSTEM = "apple-generic";
				VERSION_INFO_PREFIX = "";
			};
			name = Debug;
		};
		D47E18952A276CE90040B8BA /* Release */ = {
			isa = XCBuildConfiguration;
			buildSettings = {
				ALWAYS_SEARCH_USER_PATHS = NO;
				CLANG_ANALYZER_NONNULL = YES;
				CLANG_ANALYZER_NUMBER_OBJECT_CONVERSION = YES_AGGRESSIVE;
				CLANG_CXX_LANGUAGE_STANDARD = "gnu++20";
				CLANG_ENABLE_MODULES = YES;
				CLANG_ENABLE_OBJC_ARC = YES;
				CLANG_ENABLE_OBJC_WEAK = YES;
				CLANG_WARN_BLOCK_CAPTURE_AUTORELEASING = YES;
				CLANG_WARN_BOOL_CONVERSION = YES;
				CLANG_WARN_COMMA = YES;
				CLANG_WARN_CONSTANT_CONVERSION = YES;
				CLANG_WARN_DEPRECATED_OBJC_IMPLEMENTATIONS = YES;
				CLANG_WARN_DIRECT_OBJC_ISA_USAGE = YES_ERROR;
				CLANG_WARN_DOCUMENTATION_COMMENTS = YES;
				CLANG_WARN_EMPTY_BODY = YES;
				CLANG_WARN_ENUM_CONVERSION = YES;
				CLANG_WARN_INFINITE_RECURSION = YES;
				CLANG_WARN_INT_CONVERSION = YES;
				CLANG_WARN_NON_LITERAL_NULL_CONVERSION = YES;
				CLANG_WARN_OBJC_IMPLICIT_RETAIN_SELF = YES;
				CLANG_WARN_OBJC_LITERAL_CONVERSION = YES;
				CLANG_WARN_OBJC_ROOT_CLASS = YES_ERROR;
				CLANG_WARN_QUOTED_INCLUDE_IN_FRAMEWORK_HEADER = YES;
				CLANG_WARN_RANGE_LOOP_ANALYSIS = YES;
				CLANG_WARN_STRICT_PROTOTYPES = YES;
				CLANG_WARN_SUSPICIOUS_MOVE = YES;
				CLANG_WARN_UNGUARDED_AVAILABILITY = YES_AGGRESSIVE;
				CLANG_WARN_UNREACHABLE_CODE = YES;
				CLANG_WARN__DUPLICATE_METHOD_MATCH = YES;
				COPY_PHASE_STRIP = NO;
				CURRENT_PROJECT_VERSION = 1;
				DEBUG_INFORMATION_FORMAT = "dwarf-with-dsym";
				ENABLE_NS_ASSERTIONS = NO;
				ENABLE_STRICT_OBJC_MSGSEND = YES;
				GCC_C_LANGUAGE_STANDARD = gnu11;
				GCC_NO_COMMON_BLOCKS = YES;
				GCC_WARN_64_TO_32_BIT_CONVERSION = YES;
				GCC_WARN_ABOUT_RETURN_TYPE = YES_ERROR;
				GCC_WARN_UNDECLARED_SELECTOR = YES;
				GCC_WARN_UNINITIALIZED_AUTOS = YES_AGGRESSIVE;
				GCC_WARN_UNUSED_FUNCTION = YES;
				GCC_WARN_UNUSED_VARIABLE = YES;
				IPHONEOS_DEPLOYMENT_TARGET = 13.0;
				MTL_ENABLE_DEBUG_INFO = NO;
				MTL_FAST_MATH = YES;
				SDKROOT = iphoneos;
				SWIFT_COMPILATION_MODE = wholemodule;
				SWIFT_OPTIMIZATION_LEVEL = "-O";
				VALIDATE_PRODUCT = YES;
				VERSIONING_SYSTEM = "apple-generic";
				VERSION_INFO_PREFIX = "";
			};
			name = Release;
		};
		D47E18972A276CE90040B8BA /* Debug */ = {
			isa = XCBuildConfiguration;
			buildSettings = {
				CLANG_ENABLE_MODULES = YES;
				CODE_SIGN_STYLE = Automatic;
				CURRENT_PROJECT_VERSION = 1;
				DEFINES_MODULE = YES;
				DEVELOPMENT_TEAM = Z28L6TKG58;
				DYLIB_COMPATIBILITY_VERSION = 1;
				DYLIB_CURRENT_VERSION = 1;
				DYLIB_INSTALL_NAME_BASE = "@rpath";
				ENABLE_MODULE_VERIFIER = YES;
				GENERATE_INFOPLIST_FILE = YES;
				INFOPLIST_KEY_NSHumanReadableCopyright = "";
				INSTALL_PATH = "$(LOCAL_LIBRARY_DIR)/Frameworks";
				LD_RUNPATH_SEARCH_PATHS = (
					"$(inherited)",
					"@executable_path/Frameworks",
					"@loader_path/Frameworks",
				);
				MARKETING_VERSION = 1.0;
				MODULE_VERIFIER_SUPPORTED_LANGUAGES = "objective-c objective-c++";
				MODULE_VERIFIER_SUPPORTED_LANGUAGE_STANDARDS = "gnu11 gnu++20";
				PRODUCT_BUNDLE_IDENTIFIER = com.meijigao.JGSTuner;
				PRODUCT_NAME = "$(TARGET_NAME:c99extidentifier)";
				SKIP_INSTALL = YES;
				SWIFT_EMIT_LOC_STRINGS = YES;
				SWIFT_OBJC_BRIDGING_HEADER = "";
				SWIFT_OPTIMIZATION_LEVEL = "-Onone";
				SWIFT_VERSION = 5.0;
				TARGETED_DEVICE_FAMILY = "1,2";
			};
			name = Debug;
		};
		D47E18982A276CE90040B8BA /* Release */ = {
			isa = XCBuildConfiguration;
			buildSettings = {
				CLANG_ENABLE_MODULES = YES;
				CODE_SIGN_STYLE = Automatic;
				CURRENT_PROJECT_VERSION = 1;
				DEFINES_MODULE = YES;
				DEVELOPMENT_TEAM = Z28L6TKG58;
				DYLIB_COMPATIBILITY_VERSION = 1;
				DYLIB_CURRENT_VERSION = 1;
				DYLIB_INSTALL_NAME_BASE = "@rpath";
				ENABLE_MODULE_VERIFIER = YES;
				GENERATE_INFOPLIST_FILE = YES;
				INFOPLIST_KEY_NSHumanReadableCopyright = "";
				INSTALL_PATH = "$(LOCAL_LIBRARY_DIR)/Frameworks";
				LD_RUNPATH_SEARCH_PATHS = (
					"$(inherited)",
					"@executable_path/Frameworks",
					"@loader_path/Frameworks",
				);
				MARKETING_VERSION = 1.0;
				MODULE_VERIFIER_SUPPORTED_LANGUAGES = "objective-c objective-c++";
				MODULE_VERIFIER_SUPPORTED_LANGUAGE_STANDARDS = "gnu11 gnu++20";
				PRODUCT_BUNDLE_IDENTIFIER = com.meijigao.JGSTuner;
				PRODUCT_NAME = "$(TARGET_NAME:c99extidentifier)";
				SKIP_INSTALL = YES;
				SWIFT_EMIT_LOC_STRINGS = YES;
				SWIFT_OBJC_BRIDGING_HEADER = "";
				SWIFT_VERSION = 5.0;
				TARGETED_DEVICE_FAMILY = "1,2";
			};
			name = Release;
		};
		D47E18AF2A276D230040B8BA /* Debug */ = {
			isa = XCBuildConfiguration;
			buildSettings = {
				ASSETCATALOG_COMPILER_APPICON_NAME = AppIcon;
				ASSETCATALOG_COMPILER_GLOBAL_ACCENT_COLOR_NAME = AccentColor;
				CODE_SIGN_STYLE = Automatic;
				CURRENT_PROJECT_VERSION = 1;
				DEVELOPMENT_TEAM = Z28L6TKG58;
				GENERATE_INFOPLIST_FILE = YES;
				INFOPLIST_FILE = JGSTunerDemo/Info.plist;
				INFOPLIST_KEY_NSMicrophoneUsageDescription = "我们将使用您的麦克风进行声音采集处理";
				INFOPLIST_KEY_UIApplicationSupportsIndirectInputEvents = YES;
				INFOPLIST_KEY_UILaunchStoryboardName = LaunchScreen;
				INFOPLIST_KEY_UIMainStoryboardFile = Main;
				INFOPLIST_KEY_UISupportedInterfaceOrientations_iPad = "UIInterfaceOrientationPortrait UIInterfaceOrientationPortraitUpsideDown UIInterfaceOrientationLandscapeLeft UIInterfaceOrientationLandscapeRight";
				INFOPLIST_KEY_UISupportedInterfaceOrientations_iPhone = "UIInterfaceOrientationPortrait UIInterfaceOrientationLandscapeLeft UIInterfaceOrientationLandscapeRight";
				LD_RUNPATH_SEARCH_PATHS = (
					"$(inherited)",
					"@executable_path/Frameworks",
				);
				MARKETING_VERSION = 1.0;
				PRODUCT_BUNDLE_IDENTIFIER = com.meijigao.JGSTunerDemo;
				PRODUCT_NAME = "$(TARGET_NAME)";
				SWIFT_EMIT_LOC_STRINGS = YES;
				SWIFT_VERSION = 5.0;
				TARGETED_DEVICE_FAMILY = "1,2";
			};
			name = Debug;
		};
		D47E18B02A276D230040B8BA /* Release */ = {
			isa = XCBuildConfiguration;
			buildSettings = {
				ASSETCATALOG_COMPILER_APPICON_NAME = AppIcon;
				ASSETCATALOG_COMPILER_GLOBAL_ACCENT_COLOR_NAME = AccentColor;
				CODE_SIGN_STYLE = Automatic;
				CURRENT_PROJECT_VERSION = 1;
				DEVELOPMENT_TEAM = Z28L6TKG58;
				GENERATE_INFOPLIST_FILE = YES;
				INFOPLIST_FILE = JGSTunerDemo/Info.plist;
				INFOPLIST_KEY_NSMicrophoneUsageDescription = "我们将使用您的麦克风进行声音采集处理";
				INFOPLIST_KEY_UIApplicationSupportsIndirectInputEvents = YES;
				INFOPLIST_KEY_UILaunchStoryboardName = LaunchScreen;
				INFOPLIST_KEY_UIMainStoryboardFile = Main;
				INFOPLIST_KEY_UISupportedInterfaceOrientations_iPad = "UIInterfaceOrientationPortrait UIInterfaceOrientationPortraitUpsideDown UIInterfaceOrientationLandscapeLeft UIInterfaceOrientationLandscapeRight";
				INFOPLIST_KEY_UISupportedInterfaceOrientations_iPhone = "UIInterfaceOrientationPortrait UIInterfaceOrientationLandscapeLeft UIInterfaceOrientationLandscapeRight";
				LD_RUNPATH_SEARCH_PATHS = (
					"$(inherited)",
					"@executable_path/Frameworks",
				);
				MARKETING_VERSION = 1.0;
				PRODUCT_BUNDLE_IDENTIFIER = com.meijigao.JGSTunerDemo;
				PRODUCT_NAME = "$(TARGET_NAME)";
				SWIFT_EMIT_LOC_STRINGS = YES;
				SWIFT_VERSION = 5.0;
				TARGETED_DEVICE_FAMILY = "1,2";
			};
			name = Release;
		};
/* End XCBuildConfiguration section */

/* Begin XCConfigurationList section */
		D47E18872A276CE90040B8BA /* Build configuration list for PBXProject "JGSTuner" */ = {
			isa = XCConfigurationList;
			buildConfigurations = (
				D47E18942A276CE90040B8BA /* Debug */,
				D47E18952A276CE90040B8BA /* Release */,
			);
			defaultConfigurationIsVisible = 0;
			defaultConfigurationName = Release;
		};
		D47E18962A276CE90040B8BA /* Build configuration list for PBXNativeTarget "JGSTuner" */ = {
			isa = XCConfigurationList;
			buildConfigurations = (
				D47E18972A276CE90040B8BA /* Debug */,
				D47E18982A276CE90040B8BA /* Release */,
			);
			defaultConfigurationIsVisible = 0;
			defaultConfigurationName = Release;
		};
		D47E18AE2A276D230040B8BA /* Build configuration list for PBXNativeTarget "JGSTunerDemo" */ = {
			isa = XCConfigurationList;
			buildConfigurations = (
				D47E18AF2A276D230040B8BA /* Debug */,
				D47E18B02A276D230040B8BA /* Release */,
			);
			defaultConfigurationIsVisible = 0;
			defaultConfigurationName = Release;
		};
/* End XCConfigurationList section */
	};
	rootObject = D47E18842A276CE90040B8BA /* Project object */;
}
