// !$*UTF8*$!
{
	archiveVersion = 1;
	classes = {
	};
	objectVersion = 56;
	objects = {

/* Begin PBXBuildFile section */
		7C94F411461E3A130D764B3E /* Pods_JGSTuner_JGSTunerDemo.framework in Frameworks */ = {isa = PBXBuildFile; fileRef = 1ECC9908A6E82861E14B1325 /* Pods_JGSTuner_JGSTunerDemo.framework */; };
		AF632EBFC5F8F623A897F8FC /* Pods_JGSTuner_JGSTuner.framework in Frameworks */ = {isa = PBXBuildFile; fileRef = B3FE7FB1B31B0D687F7B87D3 /* Pods_JGSTuner_JGSTuner.framework */; };
		D405D0A82A4968040080769F /* AppDelegate.swift in Sources */ = {isa = PBXBuildFile; fileRef = D405D0A72A4968040080769F /* AppDelegate.swift */; };
		D405D0AA2A4968040080769F /* SceneDelegate.swift in Sources */ = {isa = PBXBuildFile; fileRef = D405D0A92A4968040080769F /* SceneDelegate.swift */; };
		D405D0AC2A4968040080769F /* ViewController.swift in Sources */ = {isa = PBXBuildFile; fileRef = D405D0AB2A4968040080769F /* ViewController.swift */; };
		D405D0B12A4968050080769F /* Assets.xcassets in Resources */ = {isa = PBXBuildFile; fileRef = D405D0B02A4968050080769F /* Assets.xcassets */; };
		D405D0D12A496A560080769F /* JGSTuner.h in Headers */ = {isa = PBXBuildFile; fileRef = D405D0D02A496A560080769F /* JGSTuner.h */; settings = {ATTRIBUTES = (Public, ); }; };
		D405D0DA2A4977670080769F /* JGSPCMBufferUtils.h in Headers */ = {isa = PBXBuildFile; fileRef = D405D0D82A4977670080769F /* JGSPCMBufferUtils.h */; };
		D405D0DB2A4977670080769F /* JGSPCMBufferUtils.m in Sources */ = {isa = PBXBuildFile; fileRef = D405D0D92A4977670080769F /* JGSPCMBufferUtils.m */; };
		D405D0DF2A4978620080769F /* JGSPCMBufferUtils+FFT.m in Sources */ = {isa = PBXBuildFile; fileRef = D405D0DD2A4978620080769F /* JGSPCMBufferUtils+FFT.m */; };
		D405D0E32A49792D0080769F /* JGSPCMBufferUtils+Pitch.m in Sources */ = {isa = PBXBuildFile; fileRef = D405D0E12A49792D0080769F /* JGSPCMBufferUtils+Pitch.m */; };
		D405D0E82A49C6930080769F /* JGSNodeMixer.swift in Sources */ = {isa = PBXBuildFile; fileRef = D405D0E52A49C6930080769F /* JGSNodeMixer.swift */; };
		D405D0E92A49C6930080769F /* JGSAudioNode.swift in Sources */ = {isa = PBXBuildFile; fileRef = D405D0E62A49C6930080769F /* JGSAudioNode.swift */; };
		D405D0EA2A49C6930080769F /* JGSAudioDetector.swift in Sources */ = {isa = PBXBuildFile; fileRef = D405D0E72A49C6930080769F /* JGSAudioDetector.swift */; };
		D405D0EC2A49C7490080769F /* JGSTuner.swift in Sources */ = {isa = PBXBuildFile; fileRef = D405D0EB2A49C7490080769F /* JGSTuner.swift */; };
		D405D0EE2A49C7F90080769F /* JGSPitchDetector.swift in Sources */ = {isa = PBXBuildFile; fileRef = D405D0ED2A49C7F90080769F /* JGSPitchDetector.swift */; };
		D405D0F52A49C90C0080769F /* JGSTunerFrequency.swift in Sources */ = {isa = PBXBuildFile; fileRef = D405D0F22A49C90C0080769F /* JGSTunerFrequency.swift */; };
		D405D0F62A49C90C0080769F /* JGSTunerNote.swift in Sources */ = {isa = PBXBuildFile; fileRef = D405D0F32A49C90C0080769F /* JGSTunerNote.swift */; };
		D405D0F72A49C90C0080769F /* JGSTunerData.swift in Sources */ = {isa = PBXBuildFile; fileRef = D405D0F42A49C90C0080769F /* JGSTunerData.swift */; };
		D405D1032A49D1520080769F /* OCViewController.m in Sources */ = {isa = PBXBuildFile; fileRef = D405D1022A49D1520080769F /* OCViewController.m */; };
		D405D1052A49D3880080769F /* LaunchScreen.storyboard in Resources */ = {isa = PBXBuildFile; fileRef = D405D1042A49D3880080769F /* LaunchScreen.storyboard */; };
/* End PBXBuildFile section */

/* Begin PBXFileReference section */
		1ECC9908A6E82861E14B1325 /* Pods_JGSTuner_JGSTunerDemo.framework */ = {isa = PBXFileReference; explicitFileType = wrapper.framework; includeInIndex = 0; path = Pods_JGSTuner_JGSTunerDemo.framework; sourceTree = BUILT_PRODUCTS_DIR; };
		59EF06FB7BB522C3E8E80968 /* Pods-JGSTuner-JGSTuner.release.xcconfig */ = {isa = PBXFileReference; includeInIndex = 1; lastKnownFileType = text.xcconfig; name = "Pods-JGSTuner-JGSTuner.release.xcconfig"; path = "Target Support Files/Pods-JGSTuner-JGSTuner/Pods-JGSTuner-JGSTuner.release.xcconfig"; sourceTree = "<group>"; };
		828225BB9D076A406EDA1321 /* Pods-JGSTuner-JGSTunerDemo.debug.xcconfig */ = {isa = PBXFileReference; includeInIndex = 1; lastKnownFileType = text.xcconfig; name = "Pods-JGSTuner-JGSTunerDemo.debug.xcconfig"; path = "Target Support Files/Pods-JGSTuner-JGSTunerDemo/Pods-JGSTuner-JGSTunerDemo.debug.xcconfig"; sourceTree = "<group>"; };
		AA8ABCD3EECC18D7320B9F63 /* Pods-JGSTuner-JGSTuner.debug.xcconfig */ = {isa = PBXFileReference; includeInIndex = 1; lastKnownFileType = text.xcconfig; name = "Pods-JGSTuner-JGSTuner.debug.xcconfig"; path = "Target Support Files/Pods-JGSTuner-JGSTuner/Pods-JGSTuner-JGSTuner.debug.xcconfig"; sourceTree = "<group>"; };
		B3FE7FB1B31B0D687F7B87D3 /* Pods_JGSTuner_JGSTuner.framework */ = {isa = PBXFileReference; explicitFileType = wrapper.framework; includeInIndex = 0; path = Pods_JGSTuner_JGSTuner.framework; sourceTree = BUILT_PRODUCTS_DIR; };
		C0A97034FD8D54B47B0E10A7 /* Pods-JGSTuner-JGSTunerDemo.release.xcconfig */ = {isa = PBXFileReference; includeInIndex = 1; lastKnownFileType = text.xcconfig; name = "Pods-JGSTuner-JGSTunerDemo.release.xcconfig"; path = "Target Support Files/Pods-JGSTuner-JGSTunerDemo/Pods-JGSTuner-JGSTunerDemo.release.xcconfig"; sourceTree = "<group>"; };
		D405D0A42A4968040080769F /* JGSTunerDemo.app */ = {isa = PBXFileReference; explicitFileType = wrapper.application; includeInIndex = 0; path = JGSTunerDemo.app; sourceTree = BUILT_PRODUCTS_DIR; };
		D405D0A72A4968040080769F /* AppDelegate.swift */ = {isa = PBXFileReference; lastKnownFileType = sourcecode.swift; path = AppDelegate.swift; sourceTree = "<group>"; };
		D405D0A92A4968040080769F /* SceneDelegate.swift */ = {isa = PBXFileReference; lastKnownFileType = sourcecode.swift; path = SceneDelegate.swift; sourceTree = "<group>"; };
		D405D0AB2A4968040080769F /* ViewController.swift */ = {isa = PBXFileReference; lastKnownFileType = sourcecode.swift; path = ViewController.swift; sourceTree = "<group>"; };
		D405D0B02A4968050080769F /* Assets.xcassets */ = {isa = PBXFileReference; lastKnownFileType = folder.assetcatalog; path = Assets.xcassets; sourceTree = "<group>"; };
		D405D0B52A4968050080769F /* Info.plist */ = {isa = PBXFileReference; lastKnownFileType = text.plist.xml; path = Info.plist; sourceTree = "<group>"; };
		D405D0CE2A496A560080769F /* JGSTuner.framework */ = {isa = PBXFileReference; explicitFileType = wrapper.framework; includeInIndex = 0; path = JGSTuner.framework; sourceTree = BUILT_PRODUCTS_DIR; };
		D405D0D02A496A560080769F /* JGSTuner.h */ = {isa = PBXFileReference; lastKnownFileType = sourcecode.c.h; path = JGSTuner.h; sourceTree = "<group>"; };
		D405D0D82A4977670080769F /* JGSPCMBufferUtils.h */ = {isa = PBXFileReference; lastKnownFileType = sourcecode.c.h; path = JGSPCMBufferUtils.h; sourceTree = "<group>"; };
		D405D0D92A4977670080769F /* JGSPCMBufferUtils.m */ = {isa = PBXFileReference; lastKnownFileType = sourcecode.c.objc; path = JGSPCMBufferUtils.m; sourceTree = "<group>"; };
		D405D0DD2A4978620080769F /* JGSPCMBufferUtils+FFT.m */ = {isa = PBXFileReference; lastKnownFileType = sourcecode.c.objc; path = "JGSPCMBufferUtils+FFT.m"; sourceTree = "<group>"; };
		D405D0E12A49792D0080769F /* JGSPCMBufferUtils+Pitch.m */ = {isa = PBXFileReference; lastKnownFileType = sourcecode.c.objc; path = "JGSPCMBufferUtils+Pitch.m"; sourceTree = "<group>"; };
		D405D0E52A49C6930080769F /* JGSNodeMixer.swift */ = {isa = PBXFileReference; fileEncoding = 4; lastKnownFileType = sourcecode.swift; path = JGSNodeMixer.swift; sourceTree = "<group>"; };
		D405D0E62A49C6930080769F /* JGSAudioNode.swift */ = {isa = PBXFileReference; fileEncoding = 4; lastKnownFileType = sourcecode.swift; path = JGSAudioNode.swift; sourceTree = "<group>"; };
		D405D0E72A49C6930080769F /* JGSAudioDetector.swift */ = {isa = PBXFileReference; fileEncoding = 4; lastKnownFileType = sourcecode.swift; path = JGSAudioDetector.swift; sourceTree = "<group>"; };
		D405D0EB2A49C7490080769F /* JGSTuner.swift */ = {isa = PBXFileReference; lastKnownFileType = sourcecode.swift; path = JGSTuner.swift; sourceTree = "<group>"; };
		D405D0ED2A49C7F90080769F /* JGSPitchDetector.swift */ = {isa = PBXFileReference; fileEncoding = 4; lastKnownFileType = sourcecode.swift; path = JGSPitchDetector.swift; sourceTree = "<group>"; };
		D405D0F22A49C90C0080769F /* JGSTunerFrequency.swift */ = {isa = PBXFileReference; fileEncoding = 4; lastKnownFileType = sourcecode.swift; path = JGSTunerFrequency.swift; sourceTree = "<group>"; };
		D405D0F32A49C90C0080769F /* JGSTunerNote.swift */ = {isa = PBXFileReference; fileEncoding = 4; lastKnownFileType = sourcecode.swift; path = JGSTunerNote.swift; sourceTree = "<group>"; };
		D405D0F42A49C90C0080769F /* JGSTunerData.swift */ = {isa = PBXFileReference; fileEncoding = 4; lastKnownFileType = sourcecode.swift; path = JGSTunerData.swift; sourceTree = "<group>"; };
		D405D0F82A49CABE0080769F /* JGSTunerDemo-Bridging-Header.h */ = {isa = PBXFileReference; lastKnownFileType = sourcecode.c.h; path = "JGSTunerDemo-Bridging-Header.h"; sourceTree = "<group>"; };
		D405D1012A49D1520080769F /* OCViewController.h */ = {isa = PBXFileReference; lastKnownFileType = sourcecode.c.h; path = OCViewController.h; sourceTree = "<group>"; };
		D405D1022A49D1520080769F /* OCViewController.m */ = {isa = PBXFileReference; lastKnownFileType = sourcecode.c.objc; path = OCViewController.m; sourceTree = "<group>"; };
		D405D1042A49D3880080769F /* LaunchScreen.storyboard */ = {isa = PBXFileReference; lastKnownFileType = file.storyboard; path = LaunchScreen.storyboard; sourceTree = "<group>"; };
/* End PBXFileReference section */

/* Begin PBXFrameworksBuildPhase section */
		D405D0A12A4968040080769F /* Frameworks */ = {
			isa = PBXFrameworksBuildPhase;
			buildActionMask = 2147483647;
			files = (
				7C94F411461E3A130D764B3E /* Pods_JGSTuner_JGSTunerDemo.framework in Frameworks */,
			);
			runOnlyForDeploymentPostprocessing = 0;
		};
		D405D0CB2A496A560080769F /* Frameworks */ = {
			isa = PBXFrameworksBuildPhase;
			buildActionMask = 2147483647;
			files = (
				AF632EBFC5F8F623A897F8FC /* Pods_JGSTuner_JGSTuner.framework in Frameworks */,
			);
			runOnlyForDeploymentPostprocessing = 0;
		};
/* End PBXFrameworksBuildPhase section */

/* Begin PBXGroup section */
		8A9461DADED341759DE383D2 /* Frameworks */ = {
			isa = PBXGroup;
			children = (
				B3FE7FB1B31B0D687F7B87D3 /* Pods_JGSTuner_JGSTuner.framework */,
				1ECC9908A6E82861E14B1325 /* Pods_JGSTuner_JGSTunerDemo.framework */,
			);
			name = Frameworks;
			sourceTree = "<group>";
		};
		D405D09B2A4968040080769F = {
			isa = PBXGroup;
			children = (
				D405D0A62A4968040080769F /* JGSTunerDemo */,
				D405D0CF2A496A560080769F /* JGSTuner */,
				D405D0A52A4968040080769F /* Products */,
				DF306A7986B122A9459B6E5D /* Pods */,
				8A9461DADED341759DE383D2 /* Frameworks */,
			);
			sourceTree = "<group>";
		};
		D405D0A52A4968040080769F /* Products */ = {
			isa = PBXGroup;
			children = (
				D405D0A42A4968040080769F /* JGSTunerDemo.app */,
				D405D0CE2A496A560080769F /* JGSTuner.framework */,
			);
			name = Products;
			sourceTree = "<group>";
		};
		D405D0A62A4968040080769F /* JGSTunerDemo */ = {
			isa = PBXGroup;
			children = (
				D405D0A72A4968040080769F /* AppDelegate.swift */,
				D405D0B02A4968050080769F /* Assets.xcassets */,
				D405D0B52A4968050080769F /* Info.plist */,
				D405D0F82A49CABE0080769F /* JGSTunerDemo-Bridging-Header.h */,
				D405D1042A49D3880080769F /* LaunchScreen.storyboard */,
				D405D1012A49D1520080769F /* OCViewController.h */,
				D405D1022A49D1520080769F /* OCViewController.m */,
				D405D0A92A4968040080769F /* SceneDelegate.swift */,
				D405D0AB2A4968040080769F /* ViewController.swift */,
			);
			path = JGSTunerDemo;
			sourceTree = "<group>";
		};
		D405D0CF2A496A560080769F /* JGSTuner */ = {
			isa = PBXGroup;
			children = (
				D405D0D02A496A560080769F /* JGSTuner.h */,
				D405D0EB2A49C7490080769F /* JGSTuner.swift */,
				D405D0F12A49C8F20080769F /* PitchDetector */,
				D405D0E42A497D6C0080769F /* MicrophoneDetector */,
				D405D0D72A4977020080769F /* PCMBufferUtils */,
			);
			path = JGSTuner;
			sourceTree = "<group>";
		};
		D405D0D72A4977020080769F /* PCMBufferUtils */ = {
			isa = PBXGroup;
			children = (
				D405D0D82A4977670080769F /* JGSPCMBufferUtils.h */,
				D405D0D92A4977670080769F /* JGSPCMBufferUtils.m */,
				D405D0DD2A4978620080769F /* JGSPCMBufferUtils+FFT.m */,
				D405D0E12A49792D0080769F /* JGSPCMBufferUtils+Pitch.m */,
			);
			path = PCMBufferUtils;
			sourceTree = "<group>";
		};
		D405D0E42A497D6C0080769F /* MicrophoneDetector */ = {
			isa = PBXGroup;
			children = (
				D405D0E72A49C6930080769F /* JGSAudioDetector.swift */,
				D405D0E62A49C6930080769F /* JGSAudioNode.swift */,
				D405D0E52A49C6930080769F /* JGSNodeMixer.swift */,
			);
			path = MicrophoneDetector;
			sourceTree = "<group>";
		};
		D405D0F12A49C8F20080769F /* PitchDetector */ = {
			isa = PBXGroup;
			children = (
				D405D0ED2A49C7F90080769F /* JGSPitchDetector.swift */,
				D405D0F42A49C90C0080769F /* JGSTunerData.swift */,
				D405D0F22A49C90C0080769F /* JGSTunerFrequency.swift */,
				D405D0F32A49C90C0080769F /* JGSTunerNote.swift */,
			);
			path = PitchDetector;
			sourceTree = "<group>";
		};
		DF306A7986B122A9459B6E5D /* Pods */ = {
			isa = PBXGroup;
			children = (
				AA8ABCD3EECC18D7320B9F63 /* Pods-JGSTuner-JGSTuner.debug.xcconfig */,
				59EF06FB7BB522C3E8E80968 /* Pods-JGSTuner-JGSTuner.release.xcconfig */,
				828225BB9D076A406EDA1321 /* Pods-JGSTuner-JGSTunerDemo.debug.xcconfig */,
				C0A97034FD8D54B47B0E10A7 /* Pods-JGSTuner-JGSTunerDemo.release.xcconfig */,
			);
			path = Pods;
			sourceTree = "<group>";
		};
/* End PBXGroup section */

/* Begin PBXHeadersBuildPhase section */
		D405D0C92A496A560080769F /* Headers */ = {
			isa = PBXHeadersBuildPhase;
			buildActionMask = 2147483647;
			files = (
				D405D0D12A496A560080769F /* JGSTuner.h in Headers */,
				D405D0DA2A4977670080769F /* JGSPCMBufferUtils.h in Headers */,
			);
			runOnlyForDeploymentPostprocessing = 0;
		};
/* End PBXHeadersBuildPhase section */

/* Begin PBXNativeTarget section */
		D405D0A32A4968040080769F /* JGSTunerDemo */ = {
			isa = PBXNativeTarget;
			buildConfigurationList = D405D0B82A4968050080769F /* Build configuration list for PBXNativeTarget "JGSTunerDemo" */;
			buildPhases = (
				23F24A8D388A27452F27B56C /* [CP] Check Pods Manifest.lock */,
				D405D0A02A4968040080769F /* Sources */,
				D405D0A12A4968040080769F /* Frameworks */,
				D405D0A22A4968040080769F /* Resources */,
				3E8964C6F6EAE76EAF33154C /* [CP] Copy Pods Resources */,
			);
			buildRules = (
			);
			dependencies = (
			);
			name = JGSTunerDemo;
			productName = JGSTunerDemo;
			productReference = D405D0A42A4968040080769F /* JGSTunerDemo.app */;
			productType = "com.apple.product-type.application";
		};
		D405D0CD2A496A560080769F /* JGSTuner */ = {
			isa = PBXNativeTarget;
			buildConfigurationList = D405D0D22A496A560080769F /* Build configuration list for PBXNativeTarget "JGSTuner" */;
			buildPhases = (
				C15C97BD52B652F5C2C8D3D1 /* [CP] Check Pods Manifest.lock */,
				D405D0C92A496A560080769F /* Headers */,
				D405D0CA2A496A560080769F /* Sources */,
				D405D0CB2A496A560080769F /* Frameworks */,
				D405D0CC2A496A560080769F /* Resources */,
				ABDA7EB870FB22253348AFB0 /* [CP] Copy Pods Resources */,
			);
			buildRules = (
			);
			dependencies = (
			);
			name = JGSTuner;
			productName = JGSTuner;
			productReference = D405D0CE2A496A560080769F /* JGSTuner.framework */;
			productType = "com.apple.product-type.framework";
		};
/* End PBXNativeTarget section */

/* Begin PBXProject section */
		D405D09C2A4968040080769F /* Project object */ = {
			isa = PBXProject;
			attributes = {
				BuildIndependentTargetsInParallel = 1;
				CLASSPREFIX = JGS;
				LastSwiftUpdateCheck = 1430;
				LastUpgradeCheck = 1430;
				ORGANIZATIONNAME = MeiJiGao;
				TargetAttributes = {
					D405D0A32A4968040080769F = {
						CreatedOnToolsVersion = 14.3.1;
						LastSwiftMigration = 1430;
					};
					D405D0CD2A496A560080769F = {
						CreatedOnToolsVersion = 14.3.1;
						LastSwiftMigration = 1430;
					};
				};
			};
			buildConfigurationList = D405D09F2A4968040080769F /* Build configuration list for PBXProject "JGSTunerDemo" */;
			compatibilityVersion = "Xcode 14.0";
			developmentRegion = en;
			hasScannedForEncodings = 0;
			knownRegions = (
				en,
				Base,
			);
			mainGroup = D405D09B2A4968040080769F;
			productRefGroup = D405D0A52A4968040080769F /* Products */;
			projectDirPath = "";
			projectRoot = "";
			targets = (
				D405D0A32A4968040080769F /* JGSTunerDemo */,
				D405D0CD2A496A560080769F /* JGSTuner */,
			);
		};
/* End PBXProject section */

/* Begin PBXResourcesBuildPhase section */
		D405D0A22A4968040080769F /* Resources */ = {
			isa = PBXResourcesBuildPhase;
			buildActionMask = 2147483647;
			files = (
				D405D0B12A4968050080769F /* Assets.xcassets in Resources */,
				D405D1052A49D3880080769F /* LaunchScreen.storyboard in Resources */,
			);
			runOnlyForDeploymentPostprocessing = 0;
		};
		D405D0CC2A496A560080769F /* Resources */ = {
			isa = PBXResourcesBuildPhase;
			buildActionMask = 2147483647;
			files = (
			);
			runOnlyForDeploymentPostprocessing = 0;
		};
/* End PBXResourcesBuildPhase section */

/* Begin PBXShellScriptBuildPhase section */
		23F24A8D388A27452F27B56C /* [CP] Check Pods Manifest.lock */ = {
			isa = PBXShellScriptBuildPhase;
			buildActionMask = 2147483647;
			files = (
			);
			inputFileListPaths = (
			);
			inputPaths = (
				"${PODS_PODFILE_DIR_PATH}/Podfile.lock",
				"${PODS_ROOT}/Manifest.lock",
			);
			name = "[CP] Check Pods Manifest.lock";
			outputFileListPaths = (
			);
			outputPaths = (
				"$(DERIVED_FILE_DIR)/Pods-JGSTuner-JGSTunerDemo-checkManifestLockResult.txt",
			);
			runOnlyForDeploymentPostprocessing = 0;
			shellPath = /bin/sh;
			shellScript = "diff \"${PODS_PODFILE_DIR_PATH}/Podfile.lock\" \"${PODS_ROOT}/Manifest.lock\" > /dev/null\nif [ $? != 0 ] ; then\n    # print error to STDERR\n    echo \"error: The sandbox is not in sync with the Podfile.lock. Run 'pod install' or update your CocoaPods installation.\" >&2\n    exit 1\nfi\n# This output is used by Xcode 'outputs' to avoid re-running this script phase.\necho \"SUCCESS\" > \"${SCRIPT_OUTPUT_FILE_0}\"\n";
			showEnvVarsInLog = 0;
		};
		3E8964C6F6EAE76EAF33154C /* [CP] Copy Pods Resources */ = {
			isa = PBXShellScriptBuildPhase;
			buildActionMask = 2147483647;
			files = (
			);
			inputFileListPaths = (
				"${PODS_ROOT}/Target Support Files/Pods-JGSTuner-JGSTunerDemo/Pods-JGSTuner-JGSTunerDemo-resources-${CONFIGURATION}-input-files.xcfilelist",
			);
			name = "[CP] Copy Pods Resources";
			outputFileListPaths = (
				"${PODS_ROOT}/Target Support Files/Pods-JGSTuner-JGSTunerDemo/Pods-JGSTuner-JGSTunerDemo-resources-${CONFIGURATION}-output-files.xcfilelist",
			);
			runOnlyForDeploymentPostprocessing = 0;
			shellPath = /bin/sh;
			shellScript = "\"${PODS_ROOT}/Target Support Files/Pods-JGSTuner-JGSTunerDemo/Pods-JGSTuner-JGSTunerDemo-resources.sh\"\n";
			showEnvVarsInLog = 0;
		};
		ABDA7EB870FB22253348AFB0 /* [CP] Copy Pods Resources */ = {
			isa = PBXShellScriptBuildPhase;
			buildActionMask = 2147483647;
			files = (
			);
			inputFileListPaths = (
				"${PODS_ROOT}/Target Support Files/Pods-JGSTuner-JGSTuner/Pods-JGSTuner-JGSTuner-resources-${CONFIGURATION}-input-files.xcfilelist",
			);
			name = "[CP] Copy Pods Resources";
			outputFileListPaths = (
				"${PODS_ROOT}/Target Support Files/Pods-JGSTuner-JGSTuner/Pods-JGSTuner-JGSTuner-resources-${CONFIGURATION}-output-files.xcfilelist",
			);
			runOnlyForDeploymentPostprocessing = 0;
			shellPath = /bin/sh;
			shellScript = "\"${PODS_ROOT}/Target Support Files/Pods-JGSTuner-JGSTuner/Pods-JGSTuner-JGSTuner-resources.sh\"\n";
			showEnvVarsInLog = 0;
		};
		C15C97BD52B652F5C2C8D3D1 /* [CP] Check Pods Manifest.lock */ = {
			isa = PBXShellScriptBuildPhase;
			buildActionMask = 2147483647;
			files = (
			);
			inputFileListPaths = (
			);
			inputPaths = (
				"${PODS_PODFILE_DIR_PATH}/Podfile.lock",
				"${PODS_ROOT}/Manifest.lock",
			);
			name = "[CP] Check Pods Manifest.lock";
			outputFileListPaths = (
			);
			outputPaths = (
				"$(DERIVED_FILE_DIR)/Pods-JGSTuner-JGSTuner-checkManifestLockResult.txt",
			);
			runOnlyForDeploymentPostprocessing = 0;
			shellPath = /bin/sh;
			shellScript = "diff \"${PODS_PODFILE_DIR_PATH}/Podfile.lock\" \"${PODS_ROOT}/Manifest.lock\" > /dev/null\nif [ $? != 0 ] ; then\n    # print error to STDERR\n    echo \"error: The sandbox is not in sync with the Podfile.lock. Run 'pod install' or update your CocoaPods installation.\" >&2\n    exit 1\nfi\n# This output is used by Xcode 'outputs' to avoid re-running this script phase.\necho \"SUCCESS\" > \"${SCRIPT_OUTPUT_FILE_0}\"\n";
			showEnvVarsInLog = 0;
		};
/* End PBXShellScriptBuildPhase section */

/* Begin PBXSourcesBuildPhase section */
		D405D0A02A4968040080769F /* Sources */ = {
			isa = PBXSourcesBuildPhase;
			buildActionMask = 2147483647;
			files = (
				D405D0AC2A4968040080769F /* ViewController.swift in Sources */,
				D405D0A82A4968040080769F /* AppDelegate.swift in Sources */,
				D405D1032A49D1520080769F /* OCViewController.m in Sources */,
				D405D0AA2A4968040080769F /* SceneDelegate.swift in Sources */,
			);
			runOnlyForDeploymentPostprocessing = 0;
		};
		D405D0CA2A496A560080769F /* Sources */ = {
			isa = PBXSourcesBuildPhase;
			buildActionMask = 2147483647;
			files = (
				D405D0F72A49C90C0080769F /* JGSTunerData.swift in Sources */,
				D405D0F52A49C90C0080769F /* JGSTunerFrequency.swift in Sources */,
				D405D0E82A49C6930080769F /* JGSNodeMixer.swift in Sources */,
				D405D0EA2A49C6930080769F /* JGSAudioDetector.swift in Sources */,
				D405D0E92A49C6930080769F /* JGSAudioNode.swift in Sources */,
				D405D0DF2A4978620080769F /* JGSPCMBufferUtils+FFT.m in Sources */,
				D405D0EC2A49C7490080769F /* JGSTuner.swift in Sources */,
				D405D0E32A49792D0080769F /* JGSPCMBufferUtils+Pitch.m in Sources */,
				D405D0F62A49C90C0080769F /* JGSTunerNote.swift in Sources */,
				D405D0DB2A4977670080769F /* JGSPCMBufferUtils.m in Sources */,
				D405D0EE2A49C7F90080769F /* JGSPitchDetector.swift in Sources */,
			);
			runOnlyForDeploymentPostprocessing = 0;
		};
/* End PBXSourcesBuildPhase section */

/* Begin XCBuildConfiguration section */
		D405D0B62A4968050080769F /* Debug */ = {
			isa = XCBuildConfiguration;
			buildSettings = {
				ALWAYS_SEARCH_USER_PATHS = NO;
				CLANG_ANALYZER_NONNULL = YES;
				CLANG_ANALYZER_NUMBER_OBJECT_CONVERSION = YES_AGGRESSIVE;
				CLANG_CXX_LANGUAGE_STANDARD = "gnu++20";
				CLANG_ENABLE_MODULES = YES;
				CLANG_ENABLE_OBJC_ARC = YES;
				CLANG_ENABLE_OBJC_WEAK = YES;
				CLANG_WARN_BLOCK_CAPTURE_AUTORELEASING = YES;
				CLANG_WARN_BOOL_CONVERSION = YES;
				CLANG_WARN_COMMA = YES;
				CLANG_WARN_CONSTANT_CONVERSION = YES;
				CLANG_WARN_DEPRECATED_OBJC_IMPLEMENTATIONS = YES;
				CLANG_WARN_DIRECT_OBJC_ISA_USAGE = YES_ERROR;
				CLANG_WARN_DOCUMENTATION_COMMENTS = YES;
				CLANG_WARN_EMPTY_BODY = YES;
				CLANG_WARN_ENUM_CONVERSION = YES;
				CLANG_WARN_INFINITE_RECURSION = YES;
				CLANG_WARN_INT_CONVERSION = YES;
				CLANG_WARN_NON_LITERAL_NULL_CONVERSION = YES;
				CLANG_WARN_OBJC_IMPLICIT_RETAIN_SELF = YES;
				CLANG_WARN_OBJC_LITERAL_CONVERSION = YES;
				CLANG_WARN_OBJC_ROOT_CLASS = YES_ERROR;
				CLANG_WARN_QUOTED_INCLUDE_IN_FRAMEWORK_HEADER = YES;
				CLANG_WARN_RANGE_LOOP_ANALYSIS = YES;
				CLANG_WARN_STRICT_PROTOTYPES = YES;
				CLANG_WARN_SUSPICIOUS_MOVE = YES;
				CLANG_WARN_UNGUARDED_AVAILABILITY = YES_AGGRESSIVE;
				CLANG_WARN_UNREACHABLE_CODE = YES;
				CLANG_WARN__DUPLICATE_METHOD_MATCH = YES;
				COPY_PHASE_STRIP = NO;
				DEBUG_INFORMATION_FORMAT = dwarf;
				ENABLE_STRICT_OBJC_MSGSEND = YES;
				ENABLE_TESTABILITY = YES;
				GCC_C_LANGUAGE_STANDARD = gnu11;
				GCC_DYNAMIC_NO_PIC = NO;
				GCC_NO_COMMON_BLOCKS = YES;
				GCC_OPTIMIZATION_LEVEL = 0;
				GCC_PREPROCESSOR_DEFINITIONS = (
					"DEBUG=1",
					"$(inherited)",
				);
				GCC_WARN_64_TO_32_BIT_CONVERSION = YES;
				GCC_WARN_ABOUT_RETURN_TYPE = YES_ERROR;
				GCC_WARN_UNDECLARED_SELECTOR = YES;
				GCC_WARN_UNINITIALIZED_AUTOS = YES_AGGRESSIVE;
				GCC_WARN_UNUSED_FUNCTION = YES;
				GCC_WARN_UNUSED_VARIABLE = YES;
				IPHONEOS_DEPLOYMENT_TARGET = 13.0;
				MTL_ENABLE_DEBUG_INFO = INCLUDE_SOURCE;
				MTL_FAST_MATH = YES;
				ONLY_ACTIVE_ARCH = YES;
				SDKROOT = iphoneos;
				SWIFT_ACTIVE_COMPILATION_CONDITIONS = DEBUG;
				SWIFT_OPTIMIZATION_LEVEL = "-Onone";
			};
			name = Debug;
		};
		D405D0B72A4968050080769F /* Release */ = {
			isa = XCBuildConfiguration;
			buildSettings = {
				ALWAYS_SEARCH_USER_PATHS = NO;
				CLANG_ANALYZER_NONNULL = YES;
				CLANG_ANALYZER_NUMBER_OBJECT_CONVERSION = YES_AGGRESSIVE;
				CLANG_CXX_LANGUAGE_STANDARD = "gnu++20";
				CLANG_ENABLE_MODULES = YES;
				CLANG_ENABLE_OBJC_ARC = YES;
				CLANG_ENABLE_OBJC_WEAK = YES;
				CLANG_WARN_BLOCK_CAPTURE_AUTORELEASING = YES;
				CLANG_WARN_BOOL_CONVERSION = YES;
				CLANG_WARN_COMMA = YES;
				CLANG_WARN_CONSTANT_CONVERSION = YES;
				CLANG_WARN_DEPRECATED_OBJC_IMPLEMENTATIONS = YES;
				CLANG_WARN_DIRECT_OBJC_ISA_USAGE = YES_ERROR;
				CLANG_WARN_DOCUMENTATION_COMMENTS = YES;
				CLANG_WARN_EMPTY_BODY = YES;
				CLANG_WARN_ENUM_CONVERSION = YES;
				CLANG_WARN_INFINITE_RECURSION = YES;
				CLANG_WARN_INT_CONVERSION = YES;
				CLANG_WARN_NON_LITERAL_NULL_CONVERSION = YES;
				CLANG_WARN_OBJC_IMPLICIT_RETAIN_SELF = YES;
				CLANG_WARN_OBJC_LITERAL_CONVERSION = YES;
				CLANG_WARN_OBJC_ROOT_CLASS = YES_ERROR;
				CLANG_WARN_QUOTED_INCLUDE_IN_FRAMEWORK_HEADER = YES;
				CLANG_WARN_RANGE_LOOP_ANALYSIS = YES;
				CLANG_WARN_STRICT_PROTOTYPES = YES;
				CLANG_WARN_SUSPICIOUS_MOVE = YES;
				CLANG_WARN_UNGUARDED_AVAILABILITY = YES_AGGRESSIVE;
				CLANG_WARN_UNREACHABLE_CODE = YES;
				CLANG_WARN__DUPLICATE_METHOD_MATCH = YES;
				COPY_PHASE_STRIP = NO;
				DEBUG_INFORMATION_FORMAT = "dwarf-with-dsym";
				ENABLE_NS_ASSERTIONS = NO;
				ENABLE_STRICT_OBJC_MSGSEND = YES;
				GCC_C_LANGUAGE_STANDARD = gnu11;
				GCC_NO_COMMON_BLOCKS = YES;
				GCC_WARN_64_TO_32_BIT_CONVERSION = YES;
				GCC_WARN_ABOUT_RETURN_TYPE = YES_ERROR;
				GCC_WARN_UNDECLARED_SELECTOR = YES;
				GCC_WARN_UNINITIALIZED_AUTOS = YES_AGGRESSIVE;
				GCC_WARN_UNUSED_FUNCTION = YES;
				GCC_WARN_UNUSED_VARIABLE = YES;
				IPHONEOS_DEPLOYMENT_TARGET = 13.0;
				MTL_ENABLE_DEBUG_INFO = NO;
				MTL_FAST_MATH = YES;
				SDKROOT = iphoneos;
				SWIFT_COMPILATION_MODE = wholemodule;
				SWIFT_OPTIMIZATION_LEVEL = "-O";
				VALIDATE_PRODUCT = YES;
			};
			name = Release;
		};
		D405D0B92A4968050080769F /* Debug */ = {
			isa = XCBuildConfiguration;
			baseConfigurationReference = 828225BB9D076A406EDA1321 /* Pods-JGSTuner-JGSTunerDemo.debug.xcconfig */;
			buildSettings = {
				ASSETCATALOG_COMPILER_APPICON_NAME = AppIcon;
				ASSETCATALOG_COMPILER_GLOBAL_ACCENT_COLOR_NAME = AccentColor;
				CLANG_ENABLE_MODULES = YES;
				CODE_SIGN_STYLE = Automatic;
				CURRENT_PROJECT_VERSION = 1;
				DEVELOPMENT_TEAM = Z28L6TKG58;
				GENERATE_INFOPLIST_FILE = YES;
				INFOPLIST_FILE = JGSTunerDemo/Info.plist;
				INFOPLIST_KEY_UIApplicationSupportsIndirectInputEvents = YES;
				INFOPLIST_KEY_UILaunchStoryboardName = LaunchScreen.storyboard;
				INFOPLIST_KEY_UIMainStoryboardFile = "";
				INFOPLIST_KEY_UIRequiresFullScreen = YES;
				INFOPLIST_KEY_UISupportedInterfaceOrientations_iPad = "UIInterfaceOrientationPortrait UIInterfaceOrientationPortraitUpsideDown UIInterfaceOrientationLandscapeLeft UIInterfaceOrientationLandscapeRight";
				INFOPLIST_KEY_UISupportedInterfaceOrientations_iPhone = "UIInterfaceOrientationPortrait UIInterfaceOrientationLandscapeLeft UIInterfaceOrientationLandscapeRight";
				LD_RUNPATH_SEARCH_PATHS = (
					"$(inherited)",
					"@executable_path/Frameworks",
				);
				MARKETING_VERSION = 1.0;
				OTHER_LDFLAGS = "$(inherited)";
				PRODUCT_BUNDLE_IDENTIFIER = com.meijigao.JGSTunerDemo;
				PRODUCT_NAME = "$(TARGET_NAME)";
				SWIFT_EMIT_LOC_STRINGS = YES;
				SWIFT_OBJC_BRIDGING_HEADER = "JGSTunerDemo/JGSTunerDemo-Bridging-Header.h";
				SWIFT_OPTIMIZATION_LEVEL = "-Onone";
				SWIFT_VERSION = 5.0;
				TARGETED_DEVICE_FAMILY = "1,2";
			};
			name = Debug;
		};
		D405D0BA2A4968050080769F /* Release */ = {
			isa = XCBuildConfiguration;
			baseConfigurationReference = C0A97034FD8D54B47B0E10A7 /* Pods-JGSTuner-JGSTunerDemo.release.xcconfig */;
			buildSettings = {
				ASSETCATALOG_COMPILER_APPICON_NAME = AppIcon;
				ASSETCATALOG_COMPILER_GLOBAL_ACCENT_COLOR_NAME = AccentColor;
				CLANG_ENABLE_MODULES = YES;
				CODE_SIGN_STYLE = Automatic;
				CURRENT_PROJECT_VERSION = 1;
				DEVELOPMENT_TEAM = Z28L6TKG58;
				GENERATE_INFOPLIST_FILE = YES;
				INFOPLIST_FILE = JGSTunerDemo/Info.plist;
				INFOPLIST_KEY_UIApplicationSupportsIndirectInputEvents = YES;
				INFOPLIST_KEY_UILaunchStoryboardName = LaunchScreen.storyboard;
				INFOPLIST_KEY_UIMainStoryboardFile = "";
				INFOPLIST_KEY_UIRequiresFullScreen = YES;
				INFOPLIST_KEY_UISupportedInterfaceOrientations_iPad = "UIInterfaceOrientationPortrait UIInterfaceOrientationPortraitUpsideDown UIInterfaceOrientationLandscapeLeft UIInterfaceOrientationLandscapeRight";
				INFOPLIST_KEY_UISupportedInterfaceOrientations_iPhone = "UIInterfaceOrientationPortrait UIInterfaceOrientationLandscapeLeft UIInterfaceOrientationLandscapeRight";
				LD_RUNPATH_SEARCH_PATHS = (
					"$(inherited)",
					"@executable_path/Frameworks",
				);
				MARKETING_VERSION = 1.0;
				OTHER_LDFLAGS = "$(inherited)";
				PRODUCT_BUNDLE_IDENTIFIER = com.meijigao.JGSTunerDemo;
				PRODUCT_NAME = "$(TARGET_NAME)";
				SWIFT_EMIT_LOC_STRINGS = YES;
				SWIFT_OBJC_BRIDGING_HEADER = "JGSTunerDemo/JGSTunerDemo-Bridging-Header.h";
				SWIFT_VERSION = 5.0;
				TARGETED_DEVICE_FAMILY = "1,2";
			};
			name = Release;
		};
		D405D0D32A496A560080769F /* Debug */ = {
			isa = XCBuildConfiguration;
			baseConfigurationReference = AA8ABCD3EECC18D7320B9F63 /* Pods-JGSTuner-JGSTuner.debug.xcconfig */;
			buildSettings = {
				CLANG_ENABLE_MODULES = YES;
				CODE_SIGN_STYLE = Automatic;
				CURRENT_PROJECT_VERSION = 1;
				DEFINES_MODULE = YES;
				DEVELOPMENT_TEAM = Z28L6TKG58;
				DYLIB_COMPATIBILITY_VERSION = 1;
				DYLIB_CURRENT_VERSION = 1;
				DYLIB_INSTALL_NAME_BASE = "@rpath";
				ENABLE_MODULE_VERIFIER = YES;
				GENERATE_INFOPLIST_FILE = YES;
				INFOPLIST_KEY_NSHumanReadableCopyright = "";
				INSTALL_PATH = "$(LOCAL_LIBRARY_DIR)/Frameworks";
				LD_RUNPATH_SEARCH_PATHS = (
					"$(inherited)",
					"@executable_path/Frameworks",
					"@loader_path/Frameworks",
				);
				MARKETING_VERSION = 1.0;
				MODULE_VERIFIER_SUPPORTED_LANGUAGES = "objective-c objective-c++";
				MODULE_VERIFIER_SUPPORTED_LANGUAGE_STANDARDS = "gnu11 gnu++20";
				OTHER_LDFLAGS = "$(inherited)";
				PRODUCT_BUNDLE_IDENTIFIER = com.meijigao.JGSTuner;
				PRODUCT_NAME = "$(TARGET_NAME:c99extidentifier)";
				SKIP_INSTALL = YES;
				SWIFT_EMIT_LOC_STRINGS = YES;
				SWIFT_OPTIMIZATION_LEVEL = "-Onone";
				SWIFT_VERSION = 5.0;
				TARGETED_DEVICE_FAMILY = "1,2";
				VERSIONING_SYSTEM = "apple-generic";
				VERSION_INFO_PREFIX = "";
			};
			name = Debug;
		};
		D405D0D42A496A560080769F /* Release */ = {
			isa = XCBuildConfiguration;
			baseConfigurationReference = 59EF06FB7BB522C3E8E80968 /* Pods-JGSTuner-JGSTuner.release.xcconfig */;
			buildSettings = {
				CLANG_ENABLE_MODULES = YES;
				CODE_SIGN_STYLE = Automatic;
				CURRENT_PROJECT_VERSION = 1;
				DEFINES_MODULE = YES;
				DEVELOPMENT_TEAM = Z28L6TKG58;
				DYLIB_COMPATIBILITY_VERSION = 1;
				DYLIB_CURRENT_VERSION = 1;
				DYLIB_INSTALL_NAME_BASE = "@rpath";
				ENABLE_MODULE_VERIFIER = YES;
				GENERATE_INFOPLIST_FILE = YES;
				INFOPLIST_KEY_NSHumanReadableCopyright = "";
				INSTALL_PATH = "$(LOCAL_LIBRARY_DIR)/Frameworks";
				LD_RUNPATH_SEARCH_PATHS = (
					"$(inherited)",
					"@executable_path/Frameworks",
					"@loader_path/Frameworks",
				);
				MARKETING_VERSION = 1.0;
				MODULE_VERIFIER_SUPPORTED_LANGUAGES = "objective-c objective-c++";
				MODULE_VERIFIER_SUPPORTED_LANGUAGE_STANDARDS = "gnu11 gnu++20";
				OTHER_LDFLAGS = "$(inherited)";
				PRODUCT_BUNDLE_IDENTIFIER = com.meijigao.JGSTuner;
				PRODUCT_NAME = "$(TARGET_NAME:c99extidentifier)";
				SKIP_INSTALL = YES;
				SWIFT_EMIT_LOC_STRINGS = YES;
				SWIFT_VERSION = 5.0;
				TARGETED_DEVICE_FAMILY = "1,2";
				VERSIONING_SYSTEM = "apple-generic";
				VERSION_INFO_PREFIX = "";
			};
			name = Release;
		};
/* End XCBuildConfiguration section */

/* Begin XCConfigurationList section */
		D405D09F2A4968040080769F /* Build configuration list for PBXProject "JGSTunerDemo" */ = {
			isa = XCConfigurationList;
			buildConfigurations = (
				D405D0B62A4968050080769F /* Debug */,
				D405D0B72A4968050080769F /* Release */,
			);
			defaultConfigurationIsVisible = 0;
			defaultConfigurationName = Release;
		};
		D405D0B82A4968050080769F /* Build configuration list for PBXNativeTarget "JGSTunerDemo" */ = {
			isa = XCConfigurationList;
			buildConfigurations = (
				D405D0B92A4968050080769F /* Debug */,
				D405D0BA2A4968050080769F /* Release */,
			);
			defaultConfigurationIsVisible = 0;
			defaultConfigurationName = Release;
		};
		D405D0D22A496A560080769F /* Build configuration list for PBXNativeTarget "JGSTuner" */ = {
			isa = XCConfigurationList;
			buildConfigurations = (
				D405D0D32A496A560080769F /* Debug */,
				D405D0D42A496A560080769F /* Release */,
			);
			defaultConfigurationIsVisible = 0;
			defaultConfigurationName = Release;
		};
/* End XCConfigurationList section */
	};
	rootObject = D405D09C2A4968040080769F /* Project object */;
}
